
Microsoft Visual Studio Solution File, Format Version 12.00
# Visual Studio Version 16
VisualStudioVersion = 16.0.29926.136
MinimumVisualStudioVersion = 10.0.40219.1
Project("{FAE04EC0-301F-11D3-BF4B-00C04F79EFBC}") = "ProyectoFinal_Xamarin.UWP", "ProyectoFinal_Xamarin\ProyectoFinal_Xamarin.UWP\ProyectoFinal_Xamarin.UWP.csproj", "{418B01F6-785B-4877-AD35-4927F1358321}"
EndProject
Project("{FAE04EC0-301F-11D3-BF4B-00C04F79EFBC}") = "ProyectoFinal_Xamarin.Android", "ProyectoFinal_Xamarin\ProyectoFinal_Xamarin.Android\ProyectoFinal_Xamarin.Android.csproj", "{E05EBC11-F81F-47F6-A49F-A499C5D32707}"
EndProject
Project("{FAE04EC0-301F-11D3-BF4B-00C04F79EFBC}") = "ProyectoFinal_Xamarin.iOS", "ProyectoFinal_Xamarin\ProyectoFinal_Xamarin.iOS\ProyectoFinal_Xamarin.iOS.csproj", "{7C2C9AFF-AC7B-44A8-908C-8768F9A7736D}"
EndProject
Project("{FAE04EC0-301F-11D3-BF4B-00C04F79EFBC}") = "ProyectoFinal_Xamarin", "ProyectoFinal_Xamarin\ProyectoFinal_Xamarin\ProyectoFinal_Xamarin.csproj", "{87AC891B-3CF7-487E-A986-BFAD06896967}"
EndProject
Global
	GlobalSection(SolutionConfigurationPlatforms) = preSolution
		Debug|Any CPU = Debug|Any CPU
		Debug|ARM = Debug|ARM
		Debug|iPhone = Debug|iPhone
		Debug|iPhoneSimulator = Debug|iPhoneSimulator
		Debug|x64 = Debug|x64
		Debug|x86 = Debug|x86
		Release|Any CPU = Release|Any CPU
		Release|ARM = Release|ARM
		Release|iPhone = Release|iPhone
		Release|iPhoneSimulator = Release|iPhoneSimulator
		Release|x64 = Release|x64
		Release|x86 = Release|x86
	EndGlobalSection
	GlobalSection(ProjectConfigurationPlatforms) = postSolution
		{418B01F6-785B-4877-AD35-4927F1358321}.Debug|Any CPU.ActiveCfg = Debug|x86
		{418B01F6-785B-4877-AD35-4927F1358321}.Debug|Any CPU.Build.0 = Debug|x86
		{418B01F6-785B-4877-AD35-4927F1358321}.Debug|Any CPU.Deploy.0 = Debug|x86
		{418B01F6-785B-4877-AD35-4927F1358321}.Debug|ARM.ActiveCfg = Debug|ARM
		{418B01F6-785B-4877-AD35-4927F1358321}.Debug|ARM.Build.0 = Debug|ARM
		{418B01F6-785B-4877-AD35-4927F1358321}.Debug|ARM.Deploy.0 = Debug|ARM
		{418B01F6-785B-4877-AD35-4927F1358321}.Debug|iPhone.ActiveCfg = Debug|x86
		{418B01F6-785B-4877-AD35-4927F1358321}.Debug|iPhone.Build.0 = Debug|x86
		{418B01F6-785B-4877-AD35-4927F1358321}.Debug|iPhone.Deploy.0 = Debug|x86
		{418B01F6-785B-4877-AD35-4927F1358321}.Debug|iPhoneSimulator.ActiveCfg = Debug|x86
		{418B01F6-785B-4877-AD35-4927F1358321}.Debug|iPhoneSimulator.Build.0 = Debug|x86
		{418B01F6-785B-4877-AD35-4927F1358321}.Debug|iPhoneSimulator.Deploy.0 = Debug|x86
		{418B01F6-785B-4877-AD35-4927F1358321}.Debug|x64.ActiveCfg = Debug|x64
		{418B01F6-785B-4877-AD35-4927F1358321}.Debug|x64.Build.0 = Debug|x64
		{418B01F6-785B-4877-AD35-4927F1358321}.Debug|x64.Deploy.0 = Debug|x64
		{418B01F6-785B-4877-AD35-4927F1358321}.Debug|x86.ActiveCfg = Debug|x86
		{418B01F6-785B-4877-AD35-4927F1358321}.Debug|x86.Build.0 = Debug|x86
		{418B01F6-785B-4877-AD35-4927F1358321}.Debug|x86.Deploy.0 = Debug|x86
		{418B01F6-785B-4877-AD35-4927F1358321}.Release|Any CPU.ActiveCfg = Release|x86
		{418B01F6-785B-4877-AD35-4927F1358321}.Release|Any CPU.Build.0 = Release|x86
		{418B01F6-785B-4877-AD35-4927F1358321}.Release|Any CPU.Deploy.0 = Release|x86
		{418B01F6-785B-4877-AD35-4927F1358321}.Release|ARM.ActiveCfg = Release|ARM
		{418B01F6-785B-4877-AD35-4927F1358321}.Release|ARM.Build.0 = Release|ARM
		{418B01F6-785B-4877-AD35-4927F1358321}.Release|ARM.Deploy.0 = Release|ARM
		{418B01F6-785B-4877-AD35-4927F1358321}.Release|iPhone.ActiveCfg = Release|x86
		{418B01F6-785B-4877-AD35-4927F1358321}.Release|iPhone.Build.0 = Release|x86
		{418B01F6-785B-4877-AD35-4927F1358321}.Release|iPhone.Deploy.0 = Release|x86
		{418B01F6-785B-4877-AD35-4927F1358321}.Release|iPhoneSimulator.ActiveCfg = Release|x86
		{418B01F6-785B-4877-AD35-4927F1358321}.Release|iPhoneSimulator.Build.0 = Release|x86
		{418B01F6-785B-4877-AD35-4927F1358321}.Release|iPhoneSimulator.Deploy.0 = Release|x86
		{418B01F6-785B-4877-AD35-4927F1358321}.Release|x64.ActiveCfg = Release|x64
		{418B01F6-785B-4877-AD35-4927F1358321}.Release|x64.Build.0 = Release|x64
		{418B01F6-785B-4877-AD35-4927F1358321}.Release|x64.Deploy.0 = Release|x64
		{418B01F6-785B-4877-AD35-4927F1358321}.Release|x86.ActiveCfg = Release|x86
		{418B01F6-785B-4877-AD35-4927F1358321}.Release|x86.Build.0 = Release|x86
		{418B01F6-785B-4877-AD35-4927F1358321}.Release|x86.Deploy.0 = Release|x86
		{E05EBC11-F81F-47F6-A49F-A499C5D32707}.Debug|Any CPU.ActiveCfg = Debug|Any CPU
		{E05EBC11-F81F-47F6-A49F-A499C5D32707}.Debug|Any CPU.Build.0 = Debug|Any CPU
		{E05EBC11-F81F-47F6-A49F-A499C5D32707}.Debug|Any CPU.Deploy.0 = Debug|Any CPU
		{E05EBC11-F81F-47F6-A49F-A499C5D32707}.Debug|ARM.ActiveCfg = Debug|Any CPU
		{E05EBC11-F81F-47F6-A49F-A499C5D32707}.Debug|ARM.Build.0 = Debug|Any CPU
		{E05EBC11-F81F-47F6-A49F-A499C5D32707}.Debug|ARM.Deploy.0 = Debug|Any CPU
		{E05EBC11-F81F-47F6-A49F-A499C5D32707}.Debug|iPhone.ActiveCfg = Debug|Any CPU
		{E05EBC11-F81F-47F6-A49F-A499C5D32707}.Debug|iPhone.Build.0 = Debug|Any CPU
		{E05EBC11-F81F-47F6-A49F-A499C5D32707}.Debug|iPhone.Deploy.0 = Debug|Any CPU
		{E05EBC11-F81F-47F6-A49F-A499C5D32707}.Debug|iPhoneSimulator.ActiveCfg = Debug|Any CPU
		{E05EBC11-F81F-47F6-A49F-A499C5D32707}.Debug|iPhoneSimulator.Build.0 = Debug|Any CPU
		{E05EBC11-F81F-47F6-A49F-A499C5D32707}.Debug|iPhoneSimulator.Deploy.0 = Debug|Any CPU
		{E05EBC11-F81F-47F6-A49F-A499C5D32707}.Debug|x64.ActiveCfg = Debug|Any CPU
		{E05EBC11-F81F-47F6-A49F-A499C5D32707}.Debug|x64.Build.0 = Debug|Any CPU
		{E05EBC11-F81F-47F6-A49F-A499C5D32707}.Debug|x64.Deploy.0 = Debug|Any CPU
		{E05EBC11-F81F-47F6-A49F-A499C5D32707}.Debug|x86.ActiveCfg = Debug|Any CPU
		{E05EBC11-F81F-47F6-A49F-A499C5D32707}.Debug|x86.Build.0 = Debug|Any CPU
		{E05EBC11-F81F-47F6-A49F-A499C5D32707}.Debug|x86.Deploy.0 = Debug|Any CPU
		{E05EBC11-F81F-47F6-A49F-A499C5D32707}.Release|Any CPU.ActiveCfg = Release|Any CPU
		{E05EBC11-F81F-47F6-A49F-A499C5D32707}.Release|Any CPU.Build.0 = Release|Any CPU
		{E05EBC11-F81F-47F6-A49F-A499C5D32707}.Release|Any CPU.Deploy.0 = Release|Any CPU
		{E05EBC11-F81F-47F6-A49F-A499C5D32707}.Release|ARM.ActiveCfg = Release|Any CPU
		{E05EBC11-F81F-47F6-A49F-A499C5D32707}.Release|ARM.Build.0 = Release|Any CPU
		{E05EBC11-F81F-47F6-A49F-A499C5D32707}.Release|ARM.Deploy.0 = Release|Any CPU
		{E05EBC11-F81F-47F6-A49F-A499C5D32707}.Release|iPhone.ActiveCfg = Release|Any CPU
		{E05EBC11-F81F-47F6-A49F-A499C5D32707}.Release|iPhone.Build.0 = Release|Any CPU
		{E05EBC11-F81F-47F6-A49F-A499C5D32707}.Release|iPhone.Deploy.0 = Release|Any CPU
		{E05EBC11-F81F-47F6-A49F-A499C5D32707}.Release|iPhoneSimulator.ActiveCfg = Release|Any CPU
		{E05EBC11-F81F-47F6-A49F-A499C5D32707}.Release|iPhoneSimulator.Build.0 = Release|Any CPU
		{E05EBC11-F81F-47F6-A49F-A499C5D32707}.Release|iPhoneSimulator.Deploy.0 = Release|Any CPU
		{E05EBC11-F81F-47F6-A49F-A499C5D32707}.Release|x64.ActiveCfg = Release|Any CPU
		{E05EBC11-F81F-47F6-A49F-A499C5D32707}.Release|x64.Build.0 = Release|Any CPU
		{E05EBC11-F81F-47F6-A49F-A499C5D32707}.Release|x64.Deploy.0 = Release|Any CPU
		{E05EBC11-F81F-47F6-A49F-A499C5D32707}.Release|x86.ActiveCfg = Release|Any CPU
		{E05EBC11-F81F-47F6-A49F-A499C5D32707}.Release|x86.Build.0 = Release|Any CPU
		{E05EBC11-F81F-47F6-A49F-A499C5D32707}.Release|x86.Deploy.0 = Release|Any CPU
		{7C2C9AFF-AC7B-44A8-908C-8768F9A7736D}.Debug|Any CPU.ActiveCfg = Debug|iPhone
		{7C2C9AFF-AC7B-44A8-908C-8768F9A7736D}.Debug|Any CPU.Build.0 = Debug|iPhone
		{7C2C9AFF-AC7B-44A8-908C-8768F9A7736D}.Debug|Any CPU.Deploy.0 = Debug|iPhone
		{7C2C9AFF-AC7B-44A8-908C-8768F9A7736D}.Debug|ARM.ActiveCfg = Debug|iPhone
		{7C2C9AFF-AC7B-44A8-908C-8768F9A7736D}.Debug|ARM.Build.0 = Debug|iPhone
		{7C2C9AFF-AC7B-44A8-908C-8768F9A7736D}.Debug|ARM.Deploy.0 = Debug|iPhone
		{7C2C9AFF-AC7B-44A8-908C-8768F9A7736D}.Debug|iPhone.ActiveCfg = Debug|iPhone
		{7C2C9AFF-AC7B-44A8-908C-8768F9A7736D}.Debug|iPhone.Build.0 = Debug|iPhone
		{7C2C9AFF-AC7B-44A8-908C-8768F9A7736D}.Debug|iPhone.Deploy.0 = Debug|iPhone
		{7C2C9AFF-AC7B-44A8-908C-8768F9A7736D}.Debug|iPhoneSimulator.ActiveCfg = Debug|iPhoneSimulator
		{7C2C9AFF-AC7B-44A8-908C-8768F9A7736D}.Debug|iPhoneSimulator.Build.0 = Debug|iPhoneSimulator
		{7C2C9AFF-AC7B-44A8-908C-8768F9A7736D}.Debug|iPhoneSimulator.Deploy.0 = Debug|iPhoneSimulator
		{7C2C9AFF-AC7B-44A8-908C-8768F9A7736D}.Debug|x64.ActiveCfg = Debug|iPhone
		{7C2C9AFF-AC7B-44A8-908C-8768F9A7736D}.Debug|x64.Build.0 = Debug|iPhone
		{7C2C9AFF-AC7B-44A8-908C-8768F9A7736D}.Debug|x64.Deploy.0 = Debug|iPhone
		{7C2C9AFF-AC7B-44A8-908C-8768F9A7736D}.Debug|x86.ActiveCfg = Debug|iPhone
		{7C2C9AFF-AC7B-44A8-908C-8768F9A7736D}.Debug|x86.Build.0 = Debug|iPhone
		{7C2C9AFF-AC7B-44A8-908C-8768F9A7736D}.Debug|x86.Deploy.0 = Debug|iPhone
		{7C2C9AFF-AC7B-44A8-908C-8768F9A7736D}.Release|Any CPU.ActiveCfg = Release|iPhone
		{7C2C9AFF-AC7B-44A8-908C-8768F9A7736D}.Release|Any CPU.Build.0 = Release|iPhone
		{7C2C9AFF-AC7B-44A8-908C-8768F9A7736D}.Release|Any CPU.Deploy.0 = Release|iPhone
		{7C2C9AFF-AC7B-44A8-908C-8768F9A7736D}.Release|ARM.ActiveCfg = Release|iPhone
		{7C2C9AFF-AC7B-44A8-908C-8768F9A7736D}.Release|ARM.Build.0 = Release|iPhone
		{7C2C9AFF-AC7B-44A8-908C-8768F9A7736D}.Release|ARM.Deploy.0 = Release|iPhone
		{7C2C9AFF-AC7B-44A8-908C-8768F9A7736D}.Release|iPhone.ActiveCfg = Release|iPhone
		{7C2C9AFF-AC7B-44A8-908C-8768F9A7736D}.Release|iPhone.Build.0 = Release|iPhone
		{7C2C9AFF-AC7B-44A8-908C-8768F9A7736D}.Release|iPhone.Deploy.0 = Release|iPhone
		{7C2C9AFF-AC7B-44A8-908C-8768F9A7736D}.Release|iPhoneSimulator.ActiveCfg = Release|iPhoneSimulator
		{7C2C9AFF-AC7B-44A8-908C-8768F9A7736D}.Release|iPhoneSimulator.Build.0 = Release|iPhoneSimulator
		{7C2C9AFF-AC7B-44A8-908C-8768F9A7736D}.Release|iPhoneSimulator.Deploy.0 = Release|iPhoneSimulator
		{7C2C9AFF-AC7B-44A8-908C-8768F9A7736D}.Release|x64.ActiveCfg = Release|iPhone
		{7C2C9AFF-AC7B-44A8-908C-8768F9A7736D}.Release|x64.Build.0 = Release|iPhone
		{7C2C9AFF-AC7B-44A8-908C-8768F9A7736D}.Release|x64.Deploy.0 = Release|iPhone
		{7C2C9AFF-AC7B-44A8-908C-8768F9A7736D}.Release|x86.ActiveCfg = Release|iPhone
		{7C2C9AFF-AC7B-44A8-908C-8768F9A7736D}.Release|x86.Build.0 = Release|iPhone
		{7C2C9AFF-AC7B-44A8-908C-8768F9A7736D}.Release|x86.Deploy.0 = Release|iPhone
		{87AC891B-3CF7-487E-A986-BFAD06896967}.Debug|Any CPU.ActiveCfg = Debug|Any CPU
		{87AC891B-3CF7-487E-A986-BFAD06896967}.Debug|Any CPU.Build.0 = Debug|Any CPU
		{87AC891B-3CF7-487E-A986-BFAD06896967}.Debug|Any CPU.Deploy.0 = Debug|Any CPU
		{87AC891B-3CF7-487E-A986-BFAD06896967}.Debug|ARM.ActiveCfg = Debug|Any CPU
		{87AC891B-3CF7-487E-A986-BFAD06896967}.Debug|ARM.Build.0 = Debug|Any CPU
		{87AC891B-3CF7-487E-A986-BFAD06896967}.Debug|ARM.Deploy.0 = Debug|Any CPU
		{87AC891B-3CF7-487E-A986-BFAD06896967}.Debug|iPhone.ActiveCfg = Debug|Any CPU
		{87AC891B-3CF7-487E-A986-BFAD06896967}.Debug|iPhone.Build.0 = Debug|Any CPU
		{87AC891B-3CF7-487E-A986-BFAD06896967}.Debug|iPhone.Deploy.0 = Debug|Any CPU
		{87AC891B-3CF7-487E-A986-BFAD06896967}.Debug|iPhoneSimulator.ActiveCfg = Debug|Any CPU
		{87AC891B-3CF7-487E-A986-BFAD06896967}.Debug|iPhoneSimulator.Build.0 = Debug|Any CPU
		{87AC891B-3CF7-487E-A986-BFAD06896967}.Debug|iPhoneSimulator.Deploy.0 = Debug|Any CPU
		{87AC891B-3CF7-487E-A986-BFAD06896967}.Debug|x64.ActiveCfg = Debug|Any CPU
		{87AC891B-3CF7-487E-A986-BFAD06896967}.Debug|x64.Build.0 = Debug|Any CPU
		{87AC891B-3CF7-487E-A986-BFAD06896967}.Debug|x64.Deploy.0 = Debug|Any CPU
		{87AC891B-3CF7-487E-A986-BFAD06896967}.Debug|x86.ActiveCfg = Debug|Any CPU
		{87AC891B-3CF7-487E-A986-BFAD06896967}.Debug|x86.Build.0 = Debug|Any CPU
		{87AC891B-3CF7-487E-A986-BFAD06896967}.Debug|x86.Deploy.0 = Debug|Any CPU
		{87AC891B-3CF7-487E-A986-BFAD06896967}.Release|Any CPU.ActiveCfg = Release|Any CPU
		{87AC891B-3CF7-487E-A986-BFAD06896967}.Release|Any CPU.Build.0 = Release|Any CPU
		{87AC891B-3CF7-487E-A986-BFAD06896967}.Release|Any CPU.Deploy.0 = Release|Any CPU
		{87AC891B-3CF7-487E-A986-BFAD06896967}.Release|ARM.ActiveCfg = Release|Any CPU
		{87AC891B-3CF7-487E-A986-BFAD06896967}.Release|ARM.Build.0 = Release|Any CPU
		{87AC891B-3CF7-487E-A986-BFAD06896967}.Release|ARM.Deploy.0 = Release|Any CPU
		{87AC891B-3CF7-487E-A986-BFAD06896967}.Release|iPhone.ActiveCfg = Release|Any CPU
		{87AC891B-3CF7-487E-A986-BFAD06896967}.Release|iPhone.Build.0 = Release|Any CPU
		{87AC891B-3CF7-487E-A986-BFAD06896967}.Release|iPhone.Deploy.0 = Release|Any CPU
		{87AC891B-3CF7-487E-A986-BFAD06896967}.Release|iPhoneSimulator.ActiveCfg = Release|Any CPU
		{87AC891B-3CF7-487E-A986-BFAD06896967}.Release|iPhoneSimulator.Build.0 = Release|Any CPU
		{87AC891B-3CF7-487E-A986-BFAD06896967}.Release|iPhoneSimulator.Deploy.0 = Release|Any CPU
		{87AC891B-3CF7-487E-A986-BFAD06896967}.Release|x64.ActiveCfg = Release|Any CPU
		{87AC891B-3CF7-487E-A986-BFAD06896967}.Release|x64.Build.0 = Release|Any CPU
		{87AC891B-3CF7-487E-A986-BFAD06896967}.Release|x64.Deploy.0 = Release|Any CPU
		{87AC891B-3CF7-487E-A986-BFAD06896967}.Release|x86.ActiveCfg = Release|Any CPU
		{87AC891B-3CF7-487E-A986-BFAD06896967}.Release|x86.Build.0 = Release|Any CPU
		{87AC891B-3CF7-487E-A986-BFAD06896967}.Release|x86.Deploy.0 = Release|Any CPU
	EndGlobalSection
	GlobalSection(SolutionProperties) = preSolution
		HideSolutionNode = FALSE
	EndGlobalSection
	GlobalSection(ExtensibilityGlobals) = postSolution
		SolutionGuid = {1A37B8BD-CA54-4BA3-BF11-291B1873A114}
	EndGlobalSection
EndGlobal
